
Microsoft Visual Studio Solution File, Format Version 12.00
# Visual Studio Version 17
VisualStudioVersion = 17.3.32929.385
MinimumVisualStudioVersion = 10.0.40219.1
Project("{9A19103F-16F7-4668-BE54-9A1E7A4F7556}") = "MyFristConsoleApp", "MyFristConsoleApp\MyFristConsoleApp.csproj", "{8B171E56-8D6B-4F47-89BD-6948A77209AF}"
EndProject
Project("{9A19103F-16F7-4668-BE54-9A1E7A4F7556}") = "CalculateSimpleInterest", "CalculateSimpleInterest\CalculateSimpleInterest.csproj", "{36CB64D3-00C8-49F7-8D43-2B9DC2850647}"
EndProject
Project("{9A19103F-16F7-4668-BE54-9A1E7A4F7556}") = "swappingOfTwoNumber", "swappingOfTwoNumber\swappingOfTwoNumber.csproj", "{6770E3D9-BB5B-4A2D-9177-3693C356EC6E}"
EndProject
Project("{9A19103F-16F7-4668-BE54-9A1E7A4F7556}") = "EvenOrNotProgram", "EvenOrNotProgram\EvenOrNotProgram.csproj", "{50587BB1-65C2-4CC4-B06C-D104ED940162}"
EndProject
Project("{9A19103F-16F7-4668-BE54-9A1E7A4F7556}") = "averageMarks", "averageMarks\averageMarks.csproj", "{5FCB06FB-C34D-4EF4-8AEF-4AD34610A5BF}"
EndProject
Project("{9A19103F-16F7-4668-BE54-9A1E7A4F7556}") = "doubleNumber", "doubleNumber\doubleNumber.csproj", "{0E9CEEEA-F0D7-4675-B72D-183C912BDD61}"
EndProject
Project("{9A19103F-16F7-4668-BE54-9A1E7A4F7556}") = "LargestOfThreeNumber", "LargestOfThreeNumber\LargestOfThreeNumber.csproj", "{1D870ACE-873E-4B3E-AE18-29B136AE4DE7}"
EndProject
Project("{9A19103F-16F7-4668-BE54-9A1E7A4F7556}") = "firsttAndSecondLargest", "firsttAndSecondLargest\firsttAndSecondLargest.csproj", "{9CE37574-90F0-4BA5-A81D-D45FFF876538}"
EndProject
Project("{9A19103F-16F7-4668-BE54-9A1E7A4F7556}") = "employeeSalary", "employeeSalary\employeeSalary.csproj", "{C249AE5E-3C53-4F7B-A32F-C703328B5647}"
EndProject
Project("{9A19103F-16F7-4668-BE54-9A1E7A4F7556}") = "sumOfOddNumbers", "sumOfOddNumbers\sumOfOddNumbers.csproj", "{200C03DB-B8EC-4892-B340-872AC6321E5A}"
EndProject
Project("{9A19103F-16F7-4668-BE54-9A1E7A4F7556}") = "reverseNumberProgram", "reverseNumberProgram\reverseNumberProgram.csproj", "{1FB6554A-4DF3-4F61-85BD-4A735D30A2BC}"
EndProject
Project("{9A19103F-16F7-4668-BE54-9A1E7A4F7556}") = "seriesProgram", "seriesProgram\seriesProgram.csproj", "{C97A0CCB-57B0-4C2B-A649-DBC8A910721F}"
EndProject
Project("{FAE04EC0-301F-11D3-BF4B-00C04F79EFBC}") = "sereiesTwoProgram", "sereiesTwoProgram\sereiesTwoProgram.csproj", "{2F9D1892-42A7-4461-AD45-A5449046C4D4}"
EndProject
Global
	GlobalSection(SolutionConfigurationPlatforms) = preSolution
		Debug|Any CPU = Debug|Any CPU
		Release|Any CPU = Release|Any CPU
	EndGlobalSection
	GlobalSection(ProjectConfigurationPlatforms) = postSolution
		{8B171E56-8D6B-4F47-89BD-6948A77209AF}.Debug|Any CPU.ActiveCfg = Debug|Any CPU
		{8B171E56-8D6B-4F47-89BD-6948A77209AF}.Debug|Any CPU.Build.0 = Debug|Any CPU
		{8B171E56-8D6B-4F47-89BD-6948A77209AF}.Release|Any CPU.ActiveCfg = Release|Any CPU
		{8B171E56-8D6B-4F47-89BD-6948A77209AF}.Release|Any CPU.Build.0 = Release|Any CPU
		{36CB64D3-00C8-49F7-8D43-2B9DC2850647}.Debug|Any CPU.ActiveCfg = Debug|Any CPU
		{36CB64D3-00C8-49F7-8D43-2B9DC2850647}.Debug|Any CPU.Build.0 = Debug|Any CPU
		{36CB64D3-00C8-49F7-8D43-2B9DC2850647}.Release|Any CPU.ActiveCfg = Release|Any CPU
		{36CB64D3-00C8-49F7-8D43-2B9DC2850647}.Release|Any CPU.Build.0 = Release|Any CPU
		{6770E3D9-BB5B-4A2D-9177-3693C356EC6E}.Debug|Any CPU.ActiveCfg = Debug|Any CPU
		{6770E3D9-BB5B-4A2D-9177-3693C356EC6E}.Debug|Any CPU.Build.0 = Debug|Any CPU
		{6770E3D9-BB5B-4A2D-9177-3693C356EC6E}.Release|Any CPU.ActiveCfg = Release|Any CPU
		{6770E3D9-BB5B-4A2D-9177-3693C356EC6E}.Release|Any CPU.Build.0 = Release|Any CPU
		{50587BB1-65C2-4CC4-B06C-D104ED940162}.Debug|Any CPU.ActiveCfg = Debug|Any CPU
		{50587BB1-65C2-4CC4-B06C-D104ED940162}.Debug|Any CPU.Build.0 = Debug|Any CPU
		{50587BB1-65C2-4CC4-B06C-D104ED940162}.Release|Any CPU.ActiveCfg = Release|Any CPU
		{50587BB1-65C2-4CC4-B06C-D104ED940162}.Release|Any CPU.Build.0 = Release|Any CPU
		{5FCB06FB-C34D-4EF4-8AEF-4AD34610A5BF}.Debug|Any CPU.ActiveCfg = Debug|Any CPU
		{5FCB06FB-C34D-4EF4-8AEF-4AD34610A5BF}.Debug|Any CPU.Build.0 = Debug|Any CPU
		{5FCB06FB-C34D-4EF4-8AEF-4AD34610A5BF}.Release|Any CPU.ActiveCfg = Release|Any CPU
		{5FCB06FB-C34D-4EF4-8AEF-4AD34610A5BF}.Release|Any CPU.Build.0 = Release|Any CPU
		{0E9CEEEA-F0D7-4675-B72D-183C912BDD61}.Debug|Any CPU.ActiveCfg = Debug|Any CPU
		{0E9CEEEA-F0D7-4675-B72D-183C912BDD61}.Debug|Any CPU.Build.0 = Debug|Any CPU
		{0E9CEEEA-F0D7-4675-B72D-183C912BDD61}.Release|Any CPU.ActiveCfg = Release|Any CPU
		{0E9CEEEA-F0D7-4675-B72D-183C912BDD61}.Release|Any CPU.Build.0 = Release|Any CPU
		{1D870ACE-873E-4B3E-AE18-29B136AE4DE7}.Debug|Any CPU.ActiveCfg = Debug|Any CPU
		{1D870ACE-873E-4B3E-AE18-29B136AE4DE7}.Debug|Any CPU.Build.0 = Debug|Any CPU
		{1D870ACE-873E-4B3E-AE18-29B136AE4DE7}.Release|Any CPU.ActiveCfg = Release|Any CPU
		{1D870ACE-873E-4B3E-AE18-29B136AE4DE7}.Release|Any CPU.Build.0 = Release|Any CPU
		{9CE37574-90F0-4BA5-A81D-D45FFF876538}.Debug|Any CPU.ActiveCfg = Debug|Any CPU
		{9CE37574-90F0-4BA5-A81D-D45FFF876538}.Debug|Any CPU.Build.0 = Debug|Any CPU
		{9CE37574-90F0-4BA5-A81D-D45FFF876538}.Release|Any CPU.ActiveCfg = Release|Any CPU
		{9CE37574-90F0-4BA5-A81D-D45FFF876538}.Release|Any CPU.Build.0 = Release|Any CPU
		{C249AE5E-3C53-4F7B-A32F-C703328B5647}.Debug|Any CPU.ActiveCfg = Debug|Any CPU
		{C249AE5E-3C53-4F7B-A32F-C703328B5647}.Debug|Any CPU.Build.0 = Debug|Any CPU
		{C249AE5E-3C53-4F7B-A32F-C703328B5647}.Release|Any CPU.ActiveCfg = Release|Any CPU
		{C249AE5E-3C53-4F7B-A32F-C703328B5647}.Release|Any CPU.Build.0 = Release|Any CPU
		{200C03DB-B8EC-4892-B340-872AC6321E5A}.Debug|Any CPU.ActiveCfg = Debug|Any CPU
		{200C03DB-B8EC-4892-B340-872AC6321E5A}.Debug|Any CPU.Build.0 = Debug|Any CPU
		{200C03DB-B8EC-4892-B340-872AC6321E5A}.Release|Any CPU.ActiveCfg = Release|Any CPU
		{200C03DB-B8EC-4892-B340-872AC6321E5A}.Release|Any CPU.Build.0 = Release|Any CPU
		{1FB6554A-4DF3-4F61-85BD-4A735D30A2BC}.Debug|Any CPU.ActiveCfg = Debug|Any CPU
		{1FB6554A-4DF3-4F61-85BD-4A735D30A2BC}.Debug|Any CPU.Build.0 = Debug|Any CPU
		{1FB6554A-4DF3-4F61-85BD-4A735D30A2BC}.Release|Any CPU.ActiveCfg = Release|Any CPU
		{1FB6554A-4DF3-4F61-85BD-4A735D30A2BC}.Release|Any CPU.Build.0 = Release|Any CPU
		{C97A0CCB-57B0-4C2B-A649-DBC8A910721F}.Debug|Any CPU.ActiveCfg = Debug|Any CPU
		{C97A0CCB-57B0-4C2B-A649-DBC8A910721F}.Debug|Any CPU.Build.0 = Debug|Any CPU
		{C97A0CCB-57B0-4C2B-A649-DBC8A910721F}.Release|Any CPU.ActiveCfg = Release|Any CPU
		{C97A0CCB-57B0-4C2B-A649-DBC8A910721F}.Release|Any CPU.Build.0 = Release|Any CPU
		{2F9D1892-42A7-4461-AD45-A5449046C4D4}.Debug|Any CPU.ActiveCfg = Debug|Any CPU
		{2F9D1892-42A7-4461-AD45-A5449046C4D4}.Debug|Any CPU.Build.0 = Debug|Any CPU
		{2F9D1892-42A7-4461-AD45-A5449046C4D4}.Release|Any CPU.ActiveCfg = Release|Any CPU
		{2F9D1892-42A7-4461-AD45-A5449046C4D4}.Release|Any CPU.Build.0 = Release|Any CPU
	EndGlobalSection
	GlobalSection(SolutionProperties) = preSolution
		HideSolutionNode = FALSE
	EndGlobalSection
	GlobalSection(ExtensibilityGlobals) = postSolution
		SolutionGuid = {2EB9C070-A6F2-4F63-83D4-BE831B4D56C6}
	EndGlobalSection
EndGlobal
